
Microsoft Visual Studio Solution File, Format Version 12.00
# Visual Studio Version 16
VisualStudioVersion = 16.0.30002.166
MinimumVisualStudioVersion = 10.0.40219.1
Project("{9A19103F-16F7-4668-BE54-9A1E7A4F7556}") = "AutomobileWebsite.Models", "AutomobileWebsite.Models\AutomobileWebsite.Models.csproj", "{8695D2A0-B4DB-4E97-A690-B3485EE24406}"
EndProject
Project("{9A19103F-16F7-4668-BE54-9A1E7A4F7556}") = "AutomobileWebsite.DataAccessLayer", "AutomobileWebsite.DataAccessLayer\AutomobileWebsite.DataAccessLayer.csproj", "{9C0BBC4A-A31E-48EF-B479-B58170C74040}"
EndProject
Project("{9A19103F-16F7-4668-BE54-9A1E7A4F7556}") = "AutomobileWebsite.BusinessLogicLayer", "AutomobileWebsite.BusinessLogicLayer\AutomobileWebsite.BusinessLogicLayer.csproj", "{3CDC931F-3BCE-4EFA-BED4-0A3470FA35F7}"
EndProject
Project("{FAE04EC0-301F-11D3-BF4B-00C04F79EFBC}") = "AutomobileWebsite.Presentation.Mvc.Administrator", "AutomobileWebsite.Presentation.Mvc.Administrator\AutomobileWebsite.Presentation.Mvc.Administrator.csproj", "{6491B2E0-D250-4EC7-943C-064E8338C123}"
EndProject
Global
	GlobalSection(SolutionConfigurationPlatforms) = preSolution
		Debug|Any CPU = Debug|Any CPU
		Release|Any CPU = Release|Any CPU
	EndGlobalSection
	GlobalSection(ProjectConfigurationPlatforms) = postSolution
		{8695D2A0-B4DB-4E97-A690-B3485EE24406}.Debug|Any CPU.ActiveCfg = Debug|Any CPU
		{8695D2A0-B4DB-4E97-A690-B3485EE24406}.Debug|Any CPU.Build.0 = Debug|Any CPU
		{8695D2A0-B4DB-4E97-A690-B3485EE24406}.Release|Any CPU.ActiveCfg = Release|Any CPU
		{8695D2A0-B4DB-4E97-A690-B3485EE24406}.Release|Any CPU.Build.0 = Release|Any CPU
		{9C0BBC4A-A31E-48EF-B479-B58170C74040}.Debug|Any CPU.ActiveCfg = Debug|Any CPU
		{9C0BBC4A-A31E-48EF-B479-B58170C74040}.Debug|Any CPU.Build.0 = Debug|Any CPU
		{9C0BBC4A-A31E-48EF-B479-B58170C74040}.Release|Any CPU.ActiveCfg = Release|Any CPU
		{9C0BBC4A-A31E-48EF-B479-B58170C74040}.Release|Any CPU.Build.0 = Release|Any CPU
		{3CDC931F-3BCE-4EFA-BED4-0A3470FA35F7}.Debug|Any CPU.ActiveCfg = Debug|Any CPU
		{3CDC931F-3BCE-4EFA-BED4-0A3470FA35F7}.Debug|Any CPU.Build.0 = Debug|Any CPU
		{3CDC931F-3BCE-4EFA-BED4-0A3470FA35F7}.Release|Any CPU.ActiveCfg = Release|Any CPU
		{3CDC931F-3BCE-4EFA-BED4-0A3470FA35F7}.Release|Any CPU.Build.0 = Release|Any CPU
		{6491B2E0-D250-4EC7-943C-064E8338C123}.Debug|Any CPU.ActiveCfg = Debug|Any CPU
		{6491B2E0-D250-4EC7-943C-064E8338C123}.Debug|Any CPU.Build.0 = Debug|Any CPU
		{6491B2E0-D250-4EC7-943C-064E8338C123}.Release|Any CPU.ActiveCfg = Release|Any CPU
		{6491B2E0-D250-4EC7-943C-064E8338C123}.Release|Any CPU.Build.0 = Release|Any CPU
	EndGlobalSection
	GlobalSection(SolutionProperties) = preSolution
		HideSolutionNode = FALSE
	EndGlobalSection
	GlobalSection(ExtensibilityGlobals) = postSolution
		SolutionGuid = {ED943333-897C-495E-B5FD-AC33E2FD7274}
	EndGlobalSection
EndGlobal
